// !$*UTF8*$!
{
	archiveVersion = 1;
	classes = {
	};
	objectVersion = 46;
	objects = {

/* Begin PBXBuildFile section */
		494F70071893821E00E82F03 /* Foundation.framework in Frameworks */ = {isa = PBXBuildFile; fileRef = 494F70061893821E00E82F03 /* Foundation.framework */; };
		494F70091893821E00E82F03 /* CoreGraphics.framework in Frameworks */ = {isa = PBXBuildFile; fileRef = 494F70081893821E00E82F03 /* CoreGraphics.framework */; };
		494F700B1893821E00E82F03 /* UIKit.framework in Frameworks */ = {isa = PBXBuildFile; fileRef = 494F700A1893821E00E82F03 /* UIKit.framework */; };
		494F700D1893821E00E82F03 /* GLKit.framework in Frameworks */ = {isa = PBXBuildFile; fileRef = 494F700C1893821E00E82F03 /* GLKit.framework */; };
		494F700F1893821E00E82F03 /* OpenGLES.framework in Frameworks */ = {isa = PBXBuildFile; fileRef = 494F700E1893821E00E82F03 /* OpenGLES.framework */; };
		494F70151893821E00E82F03 /* InfoPlist.strings in Resources */ = {isa = PBXBuildFile; fileRef = 494F70131893821E00E82F03 /* InfoPlist.strings */; };
		494F70171893821E00E82F03 /* main.m in Sources */ = {isa = PBXBuildFile; fileRef = 494F70161893821E00E82F03 /* main.m */; };
		494F701B1893821E00E82F03 /* RRAppDelegate.m in Sources */ = {isa = PBXBuildFile; fileRef = 494F701A1893821E00E82F03 /* RRAppDelegate.m */; };
		494F701E1893821E00E82F03 /* Main.storyboard in Resources */ = {isa = PBXBuildFile; fileRef = 494F701C1893821E00E82F03 /* Main.storyboard */; };
		494F70251893821E00E82F03 /* RRViewController.m in Sources */ = {isa = PBXBuildFile; fileRef = 494F70241893821E00E82F03 /* RRViewController.m */; };
		494F70271893821E00E82F03 /* Images.xcassets in Resources */ = {isa = PBXBuildFile; fileRef = 494F70261893821E00E82F03 /* Images.xcassets */; };
		494F702E1893821F00E82F03 /* XCTest.framework in Frameworks */ = {isa = PBXBuildFile; fileRef = 494F702D1893821F00E82F03 /* XCTest.framework */; };
		494F702F1893821F00E82F03 /* Foundation.framework in Frameworks */ = {isa = PBXBuildFile; fileRef = 494F70061893821E00E82F03 /* Foundation.framework */; };
		494F70301893821F00E82F03 /* UIKit.framework in Frameworks */ = {isa = PBXBuildFile; fileRef = 494F700A1893821E00E82F03 /* UIKit.framework */; };
		494F70381893821F00E82F03 /* InfoPlist.strings in Resources */ = {isa = PBXBuildFile; fileRef = 494F70361893821F00E82F03 /* InfoPlist.strings */; };
		494F703A1893821F00E82F03 /* GLKitTestTests.m in Sources */ = {isa = PBXBuildFile; fileRef = 494F70391893821F00E82F03 /* GLKitTestTests.m */; };
		494F70771893832700E82F03 /* libsqlite3.0.dylib in Frameworks */ = {isa = PBXBuildFile; fileRef = 494F70761893832700E82F03 /* libsqlite3.0.dylib */; };
		494F70791893833100E82F03 /* QuartzCore.framework in Frameworks */ = {isa = PBXBuildFile; fileRef = 494F70781893833100E82F03 /* QuartzCore.framework */; };
		494F707D1893833900E82F03 /* CoreVideo.framework in Frameworks */ = {isa = PBXBuildFile; fileRef = 494F707C1893833900E82F03 /* CoreVideo.framework */; };
		494F707F1893833D00E82F03 /* CoreMedia.framework in Frameworks */ = {isa = PBXBuildFile; fileRef = 494F707E1893833D00E82F03 /* CoreMedia.framework */; };
		494F70811893834200E82F03 /* AVFoundation.framework in Frameworks */ = {isa = PBXBuildFile; fileRef = 494F70801893834200E82F03 /* AVFoundation.framework */; };
		494F70831893834800E82F03 /* Security.framework in Frameworks */ = {isa = PBXBuildFile; fileRef = 494F70821893834800E82F03 /* Security.framework */; };
		494F70851893834D00E82F03 /* AudioToolbox.framework in Frameworks */ = {isa = PBXBuildFile; fileRef = 494F70841893834D00E82F03 /* AudioToolbox.framework */; };
		494F70871893835300E82F03 /* MediaPlayer.framework in Frameworks */ = {isa = PBXBuildFile; fileRef = 494F70861893835300E82F03 /* MediaPlayer.framework */; };
		49FBCB4718C73EB50036284A /* StoreKit.framework in Frameworks */ = {isa = PBXBuildFile; fileRef = 49FBCB4618C73EB50036284A /* StoreKit.framework */; };
		49FBCB6B18C741430036284A /* KLMPostVideoViewController.html in Resources */ = {isa = PBXBuildFile; fileRef = 49FBCB4B18C741430036284A /* KLMPostVideoViewController.html */; };
		49FBCB6C18C741430036284A /* KLMVideoCapture.html in Resources */ = {isa = PBXBuildFile; fileRef = 49FBCB4C18C741430036284A /* KLMVideoCapture.html */; };
		49FBCB6D18C741430036284A /* KLMLiveWipeStatus.html in Resources */ = {isa = PBXBuildFile; fileRef = 49FBCB4E18C741430036284A /* KLMLiveWipeStatus.html */; };
		49FBCB6E18C741430036284A /* KLRAPIStatusCode.html in Resources */ = {isa = PBXBuildFile; fileRef = 49FBCB4F18C741430036284A /* KLRAPIStatusCode.html */; };
		49FBCB6F18C741430036284A /* KLRRankingCursorOrigin.html in Resources */ = {isa = PBXBuildFile; fileRef = 49FBCB5018C741430036284A /* KLRRankingCursorOrigin.html */; };
		49FBCB7018C741430036284A /* KLRRankingPage.html in Resources */ = {isa = PBXBuildFile; fileRef = 49FBCB5118C741430036284A /* KLRRankingPage.html */; };
		49FBCB7118C741430036284A /* KLRRankingRange.html in Resources */ = {isa = PBXBuildFile; fileRef = 49FBCB5218C741430036284A /* KLRRankingRange.html */; };
		49FBCB7218C741430036284A /* styles.css in Resources */ = {isa = PBXBuildFile; fileRef = 49FBCB5418C741430036284A /* styles.css */; };
		49FBCB7318C741430036284A /* stylesPrint.css in Resources */ = {isa = PBXBuildFile; fileRef = 49FBCB5518C741430036284A /* stylesPrint.css */; };
		49FBCB7418C741430036284A /* hierarchy.html in Resources */ = {isa = PBXBuildFile; fileRef = 49FBCB5618C741430036284A /* hierarchy.html */; };
		49FBCB7518C741430036284A /* button_bar_background.png in Resources */ = {isa = PBXBuildFile; fileRef = 49FBCB5818C741430036284A /* button_bar_background.png */; };
		49FBCB7618C741430036284A /* disclosure.png in Resources */ = {isa = PBXBuildFile; fileRef = 49FBCB5918C741430036284A /* disclosure.png */; };
		49FBCB7718C741430036284A /* disclosure_open.png in Resources */ = {isa = PBXBuildFile; fileRef = 49FBCB5A18C741430036284A /* disclosure_open.png */; };
		49FBCB7818C741430036284A /* library_background.png in Resources */ = {isa = PBXBuildFile; fileRef = 49FBCB5B18C741430036284A /* library_background.png */; };
		49FBCB7918C741430036284A /* title_background.png in Resources */ = {isa = PBXBuildFile; fileRef = 49FBCB5C18C741430036284A /* title_background.png */; };
		49FBCB7A18C741430036284A /* index.html in Resources */ = {isa = PBXBuildFile; fileRef = 49FBCB5D18C741430036284A /* index.html */; };
		49FBCB7B18C741430036284A /* libLobiRecSDK.a in Frameworks */ = {isa = PBXBuildFile; fileRef = 49FBCB6918C741430036284A /* libLobiRecSDK.a */; };
		49FBCB7C18C741430036284A /* LobiRec.bundle in Resources */ = {isa = PBXBuildFile; fileRef = 49FBCB6A18C741430036284A /* LobiRec.bundle */; };
/* End PBXBuildFile section */

/* Begin PBXContainerItemProxy section */
		494F70311893821F00E82F03 /* PBXContainerItemProxy */ = {
			isa = PBXContainerItemProxy;
			containerPortal = 494F6FFB1893821E00E82F03 /* Project object */;
			proxyType = 1;
			remoteGlobalIDString = 494F70021893821E00E82F03;
			remoteInfo = GLKitTest;
		};
/* End PBXContainerItemProxy section */

/* Begin PBXFileReference section */
		494F70031893821E00E82F03 /* GLKitTest.app */ = {isa = PBXFileReference; explicitFileType = wrapper.application; includeInIndex = 0; path = GLKitTest.app; sourceTree = BUILT_PRODUCTS_DIR; };
		494F70061893821E00E82F03 /* Foundation.framework */ = {isa = PBXFileReference; lastKnownFileType = wrapper.framework; name = Foundation.framework; path = System/Library/Frameworks/Foundation.framework; sourceTree = SDKROOT; };
		494F70081893821E00E82F03 /* CoreGraphics.framework */ = {isa = PBXFileReference; lastKnownFileType = wrapper.framework; name = CoreGraphics.framework; path = System/Library/Frameworks/CoreGraphics.framework; sourceTree = SDKROOT; };
		494F700A1893821E00E82F03 /* UIKit.framework */ = {isa = PBXFileReference; lastKnownFileType = wrapper.framework; name = UIKit.framework; path = System/Library/Frameworks/UIKit.framework; sourceTree = SDKROOT; };
		494F700C1893821E00E82F03 /* GLKit.framework */ = {isa = PBXFileReference; lastKnownFileType = wrapper.framework; name = GLKit.framework; path = System/Library/Frameworks/GLKit.framework; sourceTree = SDKROOT; };
		494F700E1893821E00E82F03 /* OpenGLES.framework */ = {isa = PBXFileReference; lastKnownFileType = wrapper.framework; name = OpenGLES.framework; path = System/Library/Frameworks/OpenGLES.framework; sourceTree = SDKROOT; };
		494F70121893821E00E82F03 /* GLKitTest-Info.plist */ = {isa = PBXFileReference; lastKnownFileType = text.plist.xml; path = "GLKitTest-Info.plist"; sourceTree = "<group>"; };
		494F70141893821E00E82F03 /* en */ = {isa = PBXFileReference; lastKnownFileType = text.plist.strings; name = en; path = en.lproj/InfoPlist.strings; sourceTree = "<group>"; };
		494F70161893821E00E82F03 /* main.m */ = {isa = PBXFileReference; lastKnownFileType = sourcecode.c.objc; path = main.m; sourceTree = "<group>"; };
		494F70181893821E00E82F03 /* GLKitTest-Prefix.pch */ = {isa = PBXFileReference; lastKnownFileType = sourcecode.c.h; path = "GLKitTest-Prefix.pch"; sourceTree = "<group>"; };
		494F70191893821E00E82F03 /* RRAppDelegate.h */ = {isa = PBXFileReference; lastKnownFileType = sourcecode.c.h; path = RRAppDelegate.h; sourceTree = "<group>"; };
		494F701A1893821E00E82F03 /* RRAppDelegate.m */ = {isa = PBXFileReference; lastKnownFileType = sourcecode.c.objc; path = RRAppDelegate.m; sourceTree = "<group>"; };
		494F701D1893821E00E82F03 /* Base */ = {isa = PBXFileReference; lastKnownFileType = file.storyboard; name = Base; path = Base.lproj/Main.storyboard; sourceTree = "<group>"; };
		494F70231893821E00E82F03 /* RRViewController.h */ = {isa = PBXFileReference; lastKnownFileType = sourcecode.c.h; path = RRViewController.h; sourceTree = "<group>"; };
		494F70241893821E00E82F03 /* RRViewController.m */ = {isa = PBXFileReference; lastKnownFileType = sourcecode.c.objc; path = RRViewController.m; sourceTree = "<group>"; };
		494F70261893821E00E82F03 /* Images.xcassets */ = {isa = PBXFileReference; lastKnownFileType = folder.assetcatalog; path = Images.xcassets; sourceTree = "<group>"; };
		494F702C1893821F00E82F03 /* GLKitTestTests.xctest */ = {isa = PBXFileReference; explicitFileType = wrapper.cfbundle; includeInIndex = 0; path = GLKitTestTests.xctest; sourceTree = BUILT_PRODUCTS_DIR; };
		494F702D1893821F00E82F03 /* XCTest.framework */ = {isa = PBXFileReference; lastKnownFileType = wrapper.framework; name = XCTest.framework; path = Library/Frameworks/XCTest.framework; sourceTree = DEVELOPER_DIR; };
		494F70351893821F00E82F03 /* GLKitTestTests-Info.plist */ = {isa = PBXFileReference; lastKnownFileType = text.plist.xml; path = "GLKitTestTests-Info.plist"; sourceTree = "<group>"; };
		494F70371893821F00E82F03 /* en */ = {isa = PBXFileReference; lastKnownFileType = text.plist.strings; name = en; path = en.lproj/InfoPlist.strings; sourceTree = "<group>"; };
		494F70391893821F00E82F03 /* GLKitTestTests.m */ = {isa = PBXFileReference; lastKnownFileType = sourcecode.c.objc; path = GLKitTestTests.m; sourceTree = "<group>"; };
		494F70761893832700E82F03 /* libsqlite3.0.dylib */ = {isa = PBXFileReference; lastKnownFileType = "compiled.mach-o.dylib"; name = libsqlite3.0.dylib; path = usr/lib/libsqlite3.0.dylib; sourceTree = SDKROOT; };
		494F70781893833100E82F03 /* QuartzCore.framework */ = {isa = PBXFileReference; lastKnownFileType = wrapper.framework; name = QuartzCore.framework; path = System/Library/Frameworks/QuartzCore.framework; sourceTree = SDKROOT; };
		494F707C1893833900E82F03 /* CoreVideo.framework */ = {isa = PBXFileReference; lastKnownFileType = wrapper.framework; name = CoreVideo.framework; path = System/Library/Frameworks/CoreVideo.framework; sourceTree = SDKROOT; };
		494F707E1893833D00E82F03 /* CoreMedia.framework */ = {isa = PBXFileReference; lastKnownFileType = wrapper.framework; name = CoreMedia.framework; path = System/Library/Frameworks/CoreMedia.framework; sourceTree = SDKROOT; };
		494F70801893834200E82F03 /* AVFoundation.framework */ = {isa = PBXFileReference; lastKnownFileType = wrapper.framework; name = AVFoundation.framework; path = System/Library/Frameworks/AVFoundation.framework; sourceTree = SDKROOT; };
		494F70821893834800E82F03 /* Security.framework */ = {isa = PBXFileReference; lastKnownFileType = wrapper.framework; name = Security.framework; path = System/Library/Frameworks/Security.framework; sourceTree = SDKROOT; };
		494F70841893834D00E82F03 /* AudioToolbox.framework */ = {isa = PBXFileReference; lastKnownFileType = wrapper.framework; name = AudioToolbox.framework; path = System/Library/Frameworks/AudioToolbox.framework; sourceTree = SDKROOT; };
		494F70861893835300E82F03 /* MediaPlayer.framework */ = {isa = PBXFileReference; lastKnownFileType = wrapper.framework; name = MediaPlayer.framework; path = System/Library/Frameworks/MediaPlayer.framework; sourceTree = SDKROOT; };
		49FBCB4618C73EB50036284A /* StoreKit.framework */ = {isa = PBXFileReference; lastKnownFileType = wrapper.framework; name = StoreKit.framework; path = System/Library/Frameworks/StoreKit.framework; sourceTree = SDKROOT; };
		49FBCB4B18C741430036284A /* KLMPostVideoViewController.html */ = {isa = PBXFileReference; fileEncoding = 4; lastKnownFileType = text.html; path = KLMPostVideoViewController.html; sourceTree = "<group>"; };
		49FBCB4C18C741430036284A /* KLMVideoCapture.html */ = {isa = PBXFileReference; fileEncoding = 4; lastKnownFileType = text.html; path = KLMVideoCapture.html; sourceTree = "<group>"; };
		49FBCB4E18C741430036284A /* KLMLiveWipeStatus.html */ = {isa = PBXFileReference; fileEncoding = 4; lastKnownFileType = text.html; path = KLMLiveWipeStatus.html; sourceTree = "<group>"; };
		49FBCB4F18C741430036284A /* KLRAPIStatusCode.html */ = {isa = PBXFileReference; fileEncoding = 4; lastKnownFileType = text.html; path = KLRAPIStatusCode.html; sourceTree = "<group>"; };
		49FBCB5018C741430036284A /* KLRRankingCursorOrigin.html */ = {isa = PBXFileReference; fileEncoding = 4; lastKnownFileType = text.html; path = KLRRankingCursorOrigin.html; sourceTree = "<group>"; };
		49FBCB5118C741430036284A /* KLRRankingPage.html */ = {isa = PBXFileReference; fileEncoding = 4; lastKnownFileType = text.html; path = KLRRankingPage.html; sourceTree = "<group>"; };
		49FBCB5218C741430036284A /* KLRRankingRange.html */ = {isa = PBXFileReference; fileEncoding = 4; lastKnownFileType = text.html; path = KLRRankingRange.html; sourceTree = "<group>"; };
		49FBCB5418C741430036284A /* styles.css */ = {isa = PBXFileReference; fileEncoding = 4; lastKnownFileType = text.css; path = styles.css; sourceTree = "<group>"; };
		49FBCB5518C741430036284A /* stylesPrint.css */ = {isa = PBXFileReference; fileEncoding = 4; lastKnownFileType = text.css; path = stylesPrint.css; sourceTree = "<group>"; };
		49FBCB5618C741430036284A /* hierarchy.html */ = {isa = PBXFileReference; fileEncoding = 4; lastKnownFileType = text.html; path = hierarchy.html; sourceTree = "<group>"; };
		49FBCB5818C741430036284A /* button_bar_background.png */ = {isa = PBXFileReference; lastKnownFileType = image.png; path = button_bar_background.png; sourceTree = "<group>"; };
		49FBCB5918C741430036284A /* disclosure.png */ = {isa = PBXFileReference; lastKnownFileType = image.png; path = disclosure.png; sourceTree = "<group>"; };
		49FBCB5A18C741430036284A /* disclosure_open.png */ = {isa = PBXFileReference; lastKnownFileType = image.png; path = disclosure_open.png; sourceTree = "<group>"; };
		49FBCB5B18C741430036284A /* library_background.png */ = {isa = PBXFileReference; lastKnownFileType = image.png; path = library_background.png; sourceTree = "<group>"; };
		49FBCB5C18C741430036284A /* title_background.png */ = {isa = PBXFileReference; lastKnownFileType = image.png; path = title_background.png; sourceTree = "<group>"; };
		49FBCB5D18C741430036284A /* index.html */ = {isa = PBXFileReference; fileEncoding = 4; lastKnownFileType = text.html; path = index.html; sourceTree = "<group>"; };
		49FBCB5F18C741430036284A /* KLMNavigationController.h */ = {isa = PBXFileReference; fileEncoding = 4; lastKnownFileType = sourcecode.c.h; path = KLMNavigationController.h; sourceTree = "<group>"; };
		49FBCB6018C741430036284A /* KLMPlayWebViewController.h */ = {isa = PBXFileReference; fileEncoding = 4; lastKnownFileType = sourcecode.c.h; path = KLMPlayWebViewController.h; sourceTree = "<group>"; };
		49FBCB6118C741430036284A /* KLMPostVideoViewController.h */ = {isa = PBXFileReference; fileEncoding = 4; lastKnownFileType = sourcecode.c.h; path = KLMPostVideoViewController.h; sourceTree = "<group>"; };
		49FBCB6218C741430036284A /* KLMVideoCapture.h */ = {isa = PBXFileReference; fileEncoding = 4; lastKnownFileType = sourcecode.c.h; path = KLMVideoCapture.h; sourceTree = "<group>"; };
		49FBCB6318C741430036284A /* KLRAPI.h */ = {isa = PBXFileReference; fileEncoding = 4; lastKnownFileType = sourcecode.c.h; path = KLRAPI.h; sourceTree = "<group>"; };
		49FBCB6418C741430036284A /* KLRConfiguration.h */ = {isa = PBXFileReference; fileEncoding = 4; lastKnownFileType = sourcecode.c.h; path = KLRConfiguration.h; sourceTree = "<group>"; };
		49FBCB6518C741430036284A /* KLRRanking.h */ = {isa = PBXFileReference; fileEncoding = 4; lastKnownFileType = sourcecode.c.h; path = KLRRanking.h; sourceTree = "<group>"; };
		49FBCB6618C741430036284A /* KLRRankingViewController.h */ = {isa = PBXFileReference; fileEncoding = 4; lastKnownFileType = sourcecode.c.h; path = KLRRankingViewController.h; sourceTree = "<group>"; };
		49FBCB6718C741430036284A /* NakamapRanking.h */ = {isa = PBXFileReference; fileEncoding = 4; lastKnownFileType = sourcecode.c.h; path = NakamapRanking.h; sourceTree = "<group>"; };
		49FBCB6918C741430036284A /* libLobiRecSDK.a */ = {isa = PBXFileReference; lastKnownFileType = archive.ar; path = libLobiRecSDK.a; sourceTree = "<group>"; };
		49FBCB6A18C741430036284A /* LobiRec.bundle */ = {isa = PBXFileReference; lastKnownFileType = "wrapper.plug-in"; path = LobiRec.bundle; sourceTree = "<group>"; };
/* End PBXFileReference section */

/* Begin PBXFrameworksBuildPhase section */
		494F70001893821E00E82F03 /* Frameworks */ = {
			isa = PBXFrameworksBuildPhase;
			buildActionMask = 2147483647;
			files = (
				49FBCB4718C73EB50036284A /* StoreKit.framework in Frameworks */,
				494F70871893835300E82F03 /* MediaPlayer.framework in Frameworks */,
				494F70851893834D00E82F03 /* AudioToolbox.framework in Frameworks */,
				494F70831893834800E82F03 /* Security.framework in Frameworks */,
				494F70811893834200E82F03 /* AVFoundation.framework in Frameworks */,
				494F707F1893833D00E82F03 /* CoreMedia.framework in Frameworks */,
				494F707D1893833900E82F03 /* CoreVideo.framework in Frameworks */,
				494F70791893833100E82F03 /* QuartzCore.framework in Frameworks */,
				494F70771893832700E82F03 /* libsqlite3.0.dylib in Frameworks */,
				494F700F1893821E00E82F03 /* OpenGLES.framework in Frameworks */,
				494F70091893821E00E82F03 /* CoreGraphics.framework in Frameworks */,
				494F700B1893821E00E82F03 /* UIKit.framework in Frameworks */,
				494F700D1893821E00E82F03 /* GLKit.framework in Frameworks */,
				49FBCB7B18C741430036284A /* libLobiRecSDK.a in Frameworks */,
				494F70071893821E00E82F03 /* Foundation.framework in Frameworks */,
			);
			runOnlyForDeploymentPostprocessing = 0;
		};
		494F70291893821F00E82F03 /* Frameworks */ = {
			isa = PBXFrameworksBuildPhase;
			buildActionMask = 2147483647;
			files = (
				494F702E1893821F00E82F03 /* XCTest.framework in Frameworks */,
				494F70301893821F00E82F03 /* UIKit.framework in Frameworks */,
				494F702F1893821F00E82F03 /* Foundation.framework in Frameworks */,
			);
			runOnlyForDeploymentPostprocessing = 0;
		};
/* End PBXFrameworksBuildPhase section */

/* Begin PBXGroup section */
		494F6FFA1893821E00E82F03 = {
			isa = PBXGroup;
			children = (
				49FBCB4818C741430036284A /* LobiRecSDK */,
				494F70101893821E00E82F03 /* GLKitTest */,
				494F70331893821F00E82F03 /* GLKitTestTests */,
				494F70051893821E00E82F03 /* Frameworks */,
				494F70041893821E00E82F03 /* Products */,
			);
			sourceTree = "<group>";
		};
		494F70041893821E00E82F03 /* Products */ = {
			isa = PBXGroup;
			children = (
				494F70031893821E00E82F03 /* GLKitTest.app */,
				494F702C1893821F00E82F03 /* GLKitTestTests.xctest */,
			);
			name = Products;
			sourceTree = "<group>";
		};
		494F70051893821E00E82F03 /* Frameworks */ = {
			isa = PBXGroup;
			children = (
				49FBCB4618C73EB50036284A /* StoreKit.framework */,
				494F70861893835300E82F03 /* MediaPlayer.framework */,
				494F70841893834D00E82F03 /* AudioToolbox.framework */,
				494F70821893834800E82F03 /* Security.framework */,
				494F70801893834200E82F03 /* AVFoundation.framework */,
				494F707E1893833D00E82F03 /* CoreMedia.framework */,
				494F707C1893833900E82F03 /* CoreVideo.framework */,
				494F70781893833100E82F03 /* QuartzCore.framework */,
				494F70761893832700E82F03 /* libsqlite3.0.dylib */,
				494F70061893821E00E82F03 /* Foundation.framework */,
				494F70081893821E00E82F03 /* CoreGraphics.framework */,
				494F700A1893821E00E82F03 /* UIKit.framework */,
				494F700C1893821E00E82F03 /* GLKit.framework */,
				494F700E1893821E00E82F03 /* OpenGLES.framework */,
				494F702D1893821F00E82F03 /* XCTest.framework */,
			);
			name = Frameworks;
			sourceTree = "<group>";
		};
		494F70101893821E00E82F03 /* GLKitTest */ = {
			isa = PBXGroup;
			children = (
				494F70191893821E00E82F03 /* RRAppDelegate.h */,
				494F701A1893821E00E82F03 /* RRAppDelegate.m */,
				494F701C1893821E00E82F03 /* Main.storyboard */,
				494F70231893821E00E82F03 /* RRViewController.h */,
				494F70241893821E00E82F03 /* RRViewController.m */,
				494F70261893821E00E82F03 /* Images.xcassets */,
				494F70111893821E00E82F03 /* Supporting Files */,
			);
			path = GLKitTest;
			sourceTree = "<group>";
		};
		494F70111893821E00E82F03 /* Supporting Files */ = {
			isa = PBXGroup;
			children = (
				494F70121893821E00E82F03 /* GLKitTest-Info.plist */,
				494F70131893821E00E82F03 /* InfoPlist.strings */,
				494F70161893821E00E82F03 /* main.m */,
				494F70181893821E00E82F03 /* GLKitTest-Prefix.pch */,
			);
			name = "Supporting Files";
			sourceTree = "<group>";
		};
		494F70331893821F00E82F03 /* GLKitTestTests */ = {
			isa = PBXGroup;
			children = (
				494F70391893821F00E82F03 /* GLKitTestTests.m */,
				494F70341893821F00E82F03 /* Supporting Files */,
			);
			path = GLKitTestTests;
			sourceTree = "<group>";
		};
		494F70341893821F00E82F03 /* Supporting Files */ = {
			isa = PBXGroup;
			children = (
				494F70351893821F00E82F03 /* GLKitTestTests-Info.plist */,
				494F70361893821F00E82F03 /* InfoPlist.strings */,
			);
			name = "Supporting Files";
			sourceTree = "<group>";
		};
		49FBCB4818C741430036284A /* LobiRecSDK */ = {
			isa = PBXGroup;
			children = (
				49FBCB4918C741430036284A /* doc */,
				49FBCB5E18C741430036284A /* header */,
				49FBCB6818C741430036284A /* lib */,
				49FBCB6A18C741430036284A /* LobiRec.bundle */,
			);
			name = LobiRecSDK;
			path = ../LobiRecSDK;
			sourceTree = "<group>";
		};
		49FBCB4918C741430036284A /* doc */ = {
			isa = PBXGroup;
			children = (
				49FBCB4A18C741430036284A /* Classes */,
				49FBCB4D18C741430036284A /* Constants */,
				49FBCB5318C741430036284A /* css */,
				49FBCB5618C741430036284A /* hierarchy.html */,
				49FBCB5718C741430036284A /* img */,
				49FBCB5D18C741430036284A /* index.html */,
			);
			path = doc;
			sourceTree = "<group>";
		};
		49FBCB4A18C741430036284A /* Classes */ = {
			isa = PBXGroup;
			children = (
				49FBCB4B18C741430036284A /* KLMPostVideoViewController.html */,
				49FBCB4C18C741430036284A /* KLMVideoCapture.html */,
			);
			path = Classes;
			sourceTree = "<group>";
		};
		49FBCB4D18C741430036284A /* Constants */ = {
			isa = PBXGroup;
			children = (
				49FBCB4E18C741430036284A /* KLMLiveWipeStatus.html */,
				49FBCB4F18C741430036284A /* KLRAPIStatusCode.html */,
				49FBCB5018C741430036284A /* KLRRankingCursorOrigin.html */,
				49FBCB5118C741430036284A /* KLRRankingPage.html */,
				49FBCB5218C741430036284A /* KLRRankingRange.html */,
			);
			path = Constants;
			sourceTree = "<group>";
		};
		49FBCB5318C741430036284A /* css */ = {
			isa = PBXGroup;
			children = (
				49FBCB5418C741430036284A /* styles.css */,
				49FBCB5518C741430036284A /* stylesPrint.css */,
			);
			path = css;
			sourceTree = "<group>";
		};
		49FBCB5718C741430036284A /* img */ = {
			isa = PBXGroup;
			children = (
				49FBCB5818C741430036284A /* button_bar_background.png */,
				49FBCB5918C741430036284A /* disclosure.png */,
				49FBCB5A18C741430036284A /* disclosure_open.png */,
				49FBCB5B18C741430036284A /* library_background.png */,
				49FBCB5C18C741430036284A /* title_background.png */,
			);
			path = img;
			sourceTree = "<group>";
		};
		49FBCB5E18C741430036284A /* header */ = {
			isa = PBXGroup;
			children = (
				49FBCB5F18C741430036284A /* KLMNavigationController.h */,
				49FBCB6018C741430036284A /* KLMPlayWebViewController.h */,
				49FBCB6118C741430036284A /* KLMPostVideoViewController.h */,
				49FBCB6218C741430036284A /* KLMVideoCapture.h */,
				49FBCB6318C741430036284A /* KLRAPI.h */,
				49FBCB6418C741430036284A /* KLRConfiguration.h */,
				49FBCB6518C741430036284A /* KLRRanking.h */,
				49FBCB6618C741430036284A /* KLRRankingViewController.h */,
				49FBCB6718C741430036284A /* NakamapRanking.h */,
			);
			path = header;
			sourceTree = "<group>";
		};
		49FBCB6818C741430036284A /* lib */ = {
			isa = PBXGroup;
			children = (
				49FBCB6918C741430036284A /* libLobiRecSDK.a */,
			);
			path = lib;
			sourceTree = "<group>";
		};
/* End PBXGroup section */

/* Begin PBXNativeTarget section */
		494F70021893821E00E82F03 /* GLKitTest */ = {
			isa = PBXNativeTarget;
			buildConfigurationList = 494F703D1893821F00E82F03 /* Build configuration list for PBXNativeTarget "GLKitTest" */;
			buildPhases = (
				494F6FFF1893821E00E82F03 /* Sources */,
				494F70001893821E00E82F03 /* Frameworks */,
				494F70011893821E00E82F03 /* Resources */,
			);
			buildRules = (
			);
			dependencies = (
			);
			name = GLKitTest;
			productName = GLKitTest;
			productReference = 494F70031893821E00E82F03 /* GLKitTest.app */;
			productType = "com.apple.product-type.application";
		};
		494F702B1893821F00E82F03 /* GLKitTestTests */ = {
			isa = PBXNativeTarget;
			buildConfigurationList = 494F70401893821F00E82F03 /* Build configuration list for PBXNativeTarget "GLKitTestTests" */;
			buildPhases = (
				494F70281893821F00E82F03 /* Sources */,
				494F70291893821F00E82F03 /* Frameworks */,
				494F702A1893821F00E82F03 /* Resources */,
			);
			buildRules = (
			);
			dependencies = (
				494F70321893821F00E82F03 /* PBXTargetDependency */,
			);
			name = GLKitTestTests;
			productName = GLKitTestTests;
			productReference = 494F702C1893821F00E82F03 /* GLKitTestTests.xctest */;
			productType = "com.apple.product-type.bundle.unit-test";
		};
/* End PBXNativeTarget section */

/* Begin PBXProject section */
		494F6FFB1893821E00E82F03 /* Project object */ = {
			isa = PBXProject;
			attributes = {
				CLASSPREFIX = RR;
				LastUpgradeCheck = 0500;
				ORGANIZATIONNAME = "RaftRiders Inc.";
				TargetAttributes = {
					494F70021893821E00E82F03 = {
						DevelopmentTeam = 8H5S2J79M4;
						SystemCapabilities = {
							com.apple.InAppPurchase = {
								enabled = 0;
							};
						};
					};
					494F702B1893821F00E82F03 = {
						TestTargetID = 494F70021893821E00E82F03;
					};
				};
			};
			buildConfigurationList = 494F6FFE1893821E00E82F03 /* Build configuration list for PBXProject "GLKitTest" */;
			compatibilityVersion = "Xcode 3.2";
			developmentRegion = English;
			hasScannedForEncodings = 0;
			knownRegions = (
				en,
				Base,
			);
			mainGroup = 494F6FFA1893821E00E82F03;
			productRefGroup = 494F70041893821E00E82F03 /* Products */;
			projectDirPath = "";
			projectRoot = "";
			targets = (
				494F70021893821E00E82F03 /* GLKitTest */,
				494F702B1893821F00E82F03 /* GLKitTestTests */,
			);
		};
/* End PBXProject section */

/* Begin PBXResourcesBuildPhase section */
		494F70011893821E00E82F03 /* Resources */ = {
			isa = PBXResourcesBuildPhase;
			buildActionMask = 2147483647;
			files = (
				49FBCB7A18C741430036284A /* index.html in Resources */,
				49FBCB6B18C741430036284A /* KLMPostVideoViewController.html in Resources */,
				49FBCB7818C741430036284A /* library_background.png in Resources */,
				49FBCB7018C741430036284A /* KLRRankingPage.html in Resources */,
				49FBCB7318C741430036284A /* stylesPrint.css in Resources */,
				49FBCB7718C741430036284A /* disclosure_open.png in Resources */,
				494F70271893821E00E82F03 /* Images.xcassets in Resources */,
				49FBCB7218C741430036284A /* styles.css in Resources */,
				49FBCB7618C741430036284A /* disclosure.png in Resources */,
				49FBCB6C18C741430036284A /* KLMVideoCapture.html in Resources */,
				49FBCB6F18C741430036284A /* KLRRankingCursorOrigin.html in Resources */,
				49FBCB7118C741430036284A /* KLRRankingRange.html in Resources */,
				494F70151893821E00E82F03 /* InfoPlist.strings in Resources */,
				49FBCB7518C741430036284A /* button_bar_background.png in Resources */,
				49FBCB6E18C741430036284A /* KLRAPIStatusCode.html in Resources */,
				49FBCB7918C741430036284A /* title_background.png in Resources */,
				49FBCB6D18C741430036284A /* KLMLiveWipeStatus.html in Resources */,
				49FBCB7418C741430036284A /* hierarchy.html in Resources */,
				49FBCB7C18C741430036284A /* LobiRec.bundle in Resources */,
				494F701E1893821E00E82F03 /* Main.storyboard in Resources */,
			);
			runOnlyForDeploymentPostprocessing = 0;
		};
		494F702A1893821F00E82F03 /* Resources */ = {
			isa = PBXResourcesBuildPhase;
			buildActionMask = 2147483647;
			files = (
				494F70381893821F00E82F03 /* InfoPlist.strings in Resources */,
			);
			runOnlyForDeploymentPostprocessing = 0;
		};
/* End PBXResourcesBuildPhase section */

/* Begin PBXSourcesBuildPhase section */
		494F6FFF1893821E00E82F03 /* Sources */ = {
			isa = PBXSourcesBuildPhase;
			buildActionMask = 2147483647;
			files = (
				494F701B1893821E00E82F03 /* RRAppDelegate.m in Sources */,
				494F70171893821E00E82F03 /* main.m in Sources */,
				494F70251893821E00E82F03 /* RRViewController.m in Sources */,
			);
			runOnlyForDeploymentPostprocessing = 0;
		};
		494F70281893821F00E82F03 /* Sources */ = {
			isa = PBXSourcesBuildPhase;
			buildActionMask = 2147483647;
			files = (
				494F703A1893821F00E82F03 /* GLKitTestTests.m in Sources */,
			);
			runOnlyForDeploymentPostprocessing = 0;
		};
/* End PBXSourcesBuildPhase section */

/* Begin PBXTargetDependency section */
		494F70321893821F00E82F03 /* PBXTargetDependency */ = {
			isa = PBXTargetDependency;
			target = 494F70021893821E00E82F03 /* GLKitTest */;
			targetProxy = 494F70311893821F00E82F03 /* PBXContainerItemProxy */;
		};
/* End PBXTargetDependency section */

/* Begin PBXVariantGroup section */
		494F70131893821E00E82F03 /* InfoPlist.strings */ = {
			isa = PBXVariantGroup;
			children = (
				494F70141893821E00E82F03 /* en */,
			);
			name = InfoPlist.strings;
			sourceTree = "<group>";
		};
		494F701C1893821E00E82F03 /* Main.storyboard */ = {
			isa = PBXVariantGroup;
			children = (
				494F701D1893821E00E82F03 /* Base */,
			);
			name = Main.storyboard;
			sourceTree = "<group>";
		};
		494F70361893821F00E82F03 /* InfoPlist.strings */ = {
			isa = PBXVariantGroup;
			children = (
				494F70371893821F00E82F03 /* en */,
			);
			name = InfoPlist.strings;
			sourceTree = "<group>";
		};
/* End PBXVariantGroup section */

/* Begin XCBuildConfiguration section */
		494F703B1893821F00E82F03 /* Debug */ = {
			isa = XCBuildConfiguration;
			buildSettings = {
				ALWAYS_SEARCH_USER_PATHS = NO;
				ARCHS = "$(ARCHS_STANDARD_INCLUDING_64_BIT)";
				CLANG_CXX_LANGUAGE_STANDARD = "gnu++0x";
				CLANG_CXX_LIBRARY = "libc++";
				CLANG_ENABLE_MODULES = YES;
				CLANG_ENABLE_OBJC_ARC = YES;
				CLANG_WARN_BOOL_CONVERSION = YES;
				CLANG_WARN_CONSTANT_CONVERSION = YES;
				CLANG_WARN_DIRECT_OBJC_ISA_USAGE = YES_ERROR;
				CLANG_WARN_EMPTY_BODY = YES;
				CLANG_WARN_ENUM_CONVERSION = YES;
				CLANG_WARN_INT_CONVERSION = YES;
				CLANG_WARN_OBJC_ROOT_CLASS = YES_ERROR;
				CLANG_WARN__DUPLICATE_METHOD_MATCH = YES;
				"CODE_SIGN_IDENTITY[sdk=iphoneos*]" = "iPhone Developer";
				COPY_PHASE_STRIP = NO;
				GCC_C_LANGUAGE_STANDARD = gnu99;
				GCC_DYNAMIC_NO_PIC = NO;
				GCC_OPTIMIZATION_LEVEL = 0;
				GCC_PREPROCESSOR_DEFINITIONS = (
					"DEBUG=1",
					"$(inherited)",
				);
				GCC_SYMBOLS_PRIVATE_EXTERN = NO;
				GCC_WARN_64_TO_32_BIT_CONVERSION = YES;
				GCC_WARN_ABOUT_RETURN_TYPE = YES_ERROR;
				GCC_WARN_UNDECLARED_SELECTOR = YES;
				GCC_WARN_UNINITIALIZED_AUTOS = YES;
				GCC_WARN_UNUSED_FUNCTION = YES;
				GCC_WARN_UNUSED_VARIABLE = YES;
				IPHONEOS_DEPLOYMENT_TARGET = 7.0;
				ONLY_ACTIVE_ARCH = YES;
				SDKROOT = iphoneos;
			};
			name = Debug;
		};
		494F703C1893821F00E82F03 /* Release */ = {
			isa = XCBuildConfiguration;
			buildSettings = {
				ALWAYS_SEARCH_USER_PATHS = NO;
				ARCHS = "$(ARCHS_STANDARD_INCLUDING_64_BIT)";
				CLANG_CXX_LANGUAGE_STANDARD = "gnu++0x";
				CLANG_CXX_LIBRARY = "libc++";
				CLANG_ENABLE_MODULES = YES;
				CLANG_ENABLE_OBJC_ARC = YES;
				CLANG_WARN_BOOL_CONVERSION = YES;
				CLANG_WARN_CONSTANT_CONVERSION = YES;
				CLANG_WARN_DIRECT_OBJC_ISA_USAGE = YES_ERROR;
				CLANG_WARN_EMPTY_BODY = YES;
				CLANG_WARN_ENUM_CONVERSION = YES;
				CLANG_WARN_INT_CONVERSION = YES;
				CLANG_WARN_OBJC_ROOT_CLASS = YES_ERROR;
				CLANG_WARN__DUPLICATE_METHOD_MATCH = YES;
				"CODE_SIGN_IDENTITY[sdk=iphoneos*]" = "iPhone Developer";
				COPY_PHASE_STRIP = YES;
				ENABLE_NS_ASSERTIONS = NO;
				GCC_C_LANGUAGE_STANDARD = gnu99;
				GCC_WARN_64_TO_32_BIT_CONVERSION = YES;
				GCC_WARN_ABOUT_RETURN_TYPE = YES_ERROR;
				GCC_WARN_UNDECLARED_SELECTOR = YES;
				GCC_WARN_UNINITIALIZED_AUTOS = YES;
				GCC_WARN_UNUSED_FUNCTION = YES;
				GCC_WARN_UNUSED_VARIABLE = YES;
				IPHONEOS_DEPLOYMENT_TARGET = 7.0;
				SDKROOT = iphoneos;
				VALIDATE_PRODUCT = YES;
			};
			name = Release;
		};
		494F703E1893821F00E82F03 /* Debug */ = {
			isa = XCBuildConfiguration;
			buildSettings = {
				ASSETCATALOG_COMPILER_APPICON_NAME = AppIcon;
				ASSETCATALOG_COMPILER_LAUNCHIMAGE_NAME = LaunchImage;
				CODE_SIGN_IDENTITY = "iPhone Developer";
				"CODE_SIGN_IDENTITY[sdk=iphoneos*]" = "iPhone Developer";
				GCC_PRECOMPILE_PREFIX_HEADER = YES;
				GCC_PREFIX_HEADER = "GLKitTest/GLKitTest-Prefix.pch";
				INFOPLIST_FILE = "GLKitTest/GLKitTest-Info.plist";
				LIBRARY_SEARCH_PATHS = (
					"$(inherited)",
					"$(SRCROOT)/../LobiRecSDK/lib",
					"/Users/takahashi-kohei/Desktop/Lobi/LobiRecSDK/lib",
				);
				OTHER_LDFLAGS = "-ObjC";
				PRODUCT_NAME = "$(TARGET_NAME)";
				PROVISIONING_PROFILE = "";
				WRAPPER_EXTENSION = app;
			};
			name = Debug;
		};
		494F703F1893821F00E82F03 /* Release */ = {
			isa = XCBuildConfiguration;
			buildSettings = {
				ASSETCATALOG_COMPILER_APPICON_NAME = AppIcon;
				ASSETCATALOG_COMPILER_LAUNCHIMAGE_NAME = LaunchImage;
				CODE_SIGN_IDENTITY = "iPhone Developer";
				"CODE_SIGN_IDENTITY[sdk=iphoneos*]" = "iPhone Developer";
				GCC_PRECOMPILE_PREFIX_HEADER = YES;
				GCC_PREFIX_HEADER = "GLKitTest/GLKitTest-Prefix.pch";
				INFOPLIST_FILE = "GLKitTest/GLKitTest-Info.plist";
				LIBRARY_SEARCH_PATHS = (
					"$(inherited)",
					"$(SRCROOT)/../LobiRecSDK/lib",
					"/Users/takahashi-kohei/Desktop/Lobi/LobiRecSDK/lib",
				);
				OTHER_LDFLAGS = "-ObjC";
				PRODUCT_NAME = "$(TARGET_NAME)";
				PROVISIONING_PROFILE = "";
				WRAPPER_EXTENSION = app;
			};
			name = Release;
		};
		494F70411893821F00E82F03 /* Debug */ = {
			isa = XCBuildConfiguration;
			buildSettings = {
				ARCHS = "$(ARCHS_STANDARD_INCLUDING_64_BIT)";
				BUNDLE_LOADER = "$(BUILT_PRODUCTS_DIR)/GLKitTest.app/GLKitTest";
				FRAMEWORK_SEARCH_PATHS = (
					"$(SDKROOT)/Developer/Library/Frameworks",
					"$(inherited)",
					"$(DEVELOPER_FRAMEWORKS_DIR)",
				);
				GCC_PRECOMPILE_PREFIX_HEADER = YES;
				GCC_PREFIX_HEADER = "GLKitTest/GLKitTest-Prefix.pch";
				GCC_PREPROCESSOR_DEFINITIONS = (
					"DEBUG=1",
					"$(inherited)",
				);
				INFOPLIST_FILE = "GLKitTestTests/GLKitTestTests-Info.plist";
				PRODUCT_NAME = "$(TARGET_NAME)";
				TEST_HOST = "$(BUNDLE_LOADER)";
				WRAPPER_EXTENSION = xctest;
			};
			name = Debug;
		};
		494F70421893821F00E82F03 /* Release */ = {
			isa = XCBuildConfiguration;
			buildSettings = {
				ARCHS = "$(ARCHS_STANDARD_INCLUDING_64_BIT)";
				BUNDLE_LOADER = "$(BUILT_PRODUCTS_DIR)/GLKitTest.app/GLKitTest";
				FRAMEWORK_SEARCH_PATHS = (
					"$(SDKROOT)/Developer/Library/Frameworks",
					"$(inherited)",
					"$(DEVELOPER_FRAMEWORKS_DIR)",
				);
				GCC_PRECOMPILE_PREFIX_HEADER = YES;
				GCC_PREFIX_HEADER = "GLKitTest/GLKitTest-Prefix.pch";
				INFOPLIST_FILE = "GLKitTestTests/GLKitTestTests-Info.plist";
				PRODUCT_NAME = "$(TARGET_NAME)";
				TEST_HOST = "$(BUNDLE_LOADER)";
				WRAPPER_EXTENSION = xctest;
			};
			name = Release;
		};
/* End XCBuildConfiguration section */

/* Begin XCConfigurationList section */
		494F6FFE1893821E00E82F03 /* Build configuration list for PBXProject "GLKitTest" */ = {
			isa = XCConfigurationList;
			buildConfigurations = (
				494F703B1893821F00E82F03 /* Debug */,
				494F703C1893821F00E82F03 /* Release */,
			);
			defaultConfigurationIsVisible = 0;
			defaultConfigurationName = Release;
		};
		494F703D1893821F00E82F03 /* Build configuration list for PBXNativeTarget "GLKitTest" */ = {
			isa = XCConfigurationList;
			buildConfigurations = (
				494F703E1893821F00E82F03 /* Debug */,
				494F703F1893821F00E82F03 /* Release */,
			);
			defaultConfigurationIsVisible = 0;
			defaultConfigurationName = Release;
		};
		494F70401893821F00E82F03 /* Build configuration list for PBXNativeTarget "GLKitTestTests" */ = {
			isa = XCConfigurationList;
			buildConfigurations = (
				494F70411893821F00E82F03 /* Debug */,
				494F70421893821F00E82F03 /* Release */,
			);
			defaultConfigurationIsVisible = 0;
			defaultConfigurationName = Release;
		};
/* End XCConfigurationList section */
	};
	rootObject = 494F6FFB1893821E00E82F03 /* Project object */;
}
