// !$*UTF8*$!
{
	archiveVersion = 1;
	classes = {
	};
	objectVersion = 46;
	objects = {

/* Begin PBXBuildFile section */
		4931770218EBECA700E83DD3 /* LobiRec.framework in Frameworks */ = {isa = PBXBuildFile; fileRef = 493176FE18EBECA700E83DD3 /* LobiRec.framework */; };
		4931770318EBECA700E83DD3 /* LobiChat.framework in Frameworks */ = {isa = PBXBuildFile; fileRef = 493176FF18EBECA700E83DD3 /* LobiChat.framework */; };
		4931770418EBECA700E83DD3 /* LobiRanking.framework in Frameworks */ = {isa = PBXBuildFile; fileRef = 4931770018EBECA700E83DD3 /* LobiRanking.framework */; };
		4931770518EBECA700E83DD3 /* LobiCore.framework in Frameworks */ = {isa = PBXBuildFile; fileRef = 4931770118EBECA700E83DD3 /* LobiCore.framework */; };
		4931770A18EBECBB00E83DD3 /* LobiRanking.bundle in Resources */ = {isa = PBXBuildFile; fileRef = 4931770618EBECBB00E83DD3 /* LobiRanking.bundle */; };
		4931770B18EBECBB00E83DD3 /* LobiRec.bundle in Resources */ = {isa = PBXBuildFile; fileRef = 4931770718EBECBB00E83DD3 /* LobiRec.bundle */; };
		4931770C18EBECBB00E83DD3 /* LobiChat.bundle in Resources */ = {isa = PBXBuildFile; fileRef = 4931770818EBECBB00E83DD3 /* LobiChat.bundle */; };
		4931770D18EBECBB00E83DD3 /* LobiCore.bundle in Resources */ = {isa = PBXBuildFile; fileRef = 4931770918EBECBB00E83DD3 /* LobiCore.bundle */; };
		494F70071893821E00E82F03 /* Foundation.framework in Frameworks */ = {isa = PBXBuildFile; fileRef = 494F70061893821E00E82F03 /* Foundation.framework */; };
		494F70091893821E00E82F03 /* CoreGraphics.framework in Frameworks */ = {isa = PBXBuildFile; fileRef = 494F70081893821E00E82F03 /* CoreGraphics.framework */; };
		494F700B1893821E00E82F03 /* UIKit.framework in Frameworks */ = {isa = PBXBuildFile; fileRef = 494F700A1893821E00E82F03 /* UIKit.framework */; };
		494F700D1893821E00E82F03 /* GLKit.framework in Frameworks */ = {isa = PBXBuildFile; fileRef = 494F700C1893821E00E82F03 /* GLKit.framework */; };
		494F700F1893821E00E82F03 /* OpenGLES.framework in Frameworks */ = {isa = PBXBuildFile; fileRef = 494F700E1893821E00E82F03 /* OpenGLES.framework */; };
		494F70151893821E00E82F03 /* InfoPlist.strings in Resources */ = {isa = PBXBuildFile; fileRef = 494F70131893821E00E82F03 /* InfoPlist.strings */; };
		494F70171893821E00E82F03 /* main.m in Sources */ = {isa = PBXBuildFile; fileRef = 494F70161893821E00E82F03 /* main.m */; };
		494F701B1893821E00E82F03 /* RRAppDelegate.m in Sources */ = {isa = PBXBuildFile; fileRef = 494F701A1893821E00E82F03 /* RRAppDelegate.m */; };
		494F701E1893821E00E82F03 /* Main.storyboard in Resources */ = {isa = PBXBuildFile; fileRef = 494F701C1893821E00E82F03 /* Main.storyboard */; };
		494F70251893821E00E82F03 /* RRViewController.m in Sources */ = {isa = PBXBuildFile; fileRef = 494F70241893821E00E82F03 /* RRViewController.m */; };
		494F70271893821E00E82F03 /* Images.xcassets in Resources */ = {isa = PBXBuildFile; fileRef = 494F70261893821E00E82F03 /* Images.xcassets */; };
		494F70771893832700E82F03 /* libsqlite3.0.dylib in Frameworks */ = {isa = PBXBuildFile; fileRef = 494F70761893832700E82F03 /* libsqlite3.0.dylib */; };
		494F70791893833100E82F03 /* QuartzCore.framework in Frameworks */ = {isa = PBXBuildFile; fileRef = 494F70781893833100E82F03 /* QuartzCore.framework */; };
		494F70811893834200E82F03 /* AVFoundation.framework in Frameworks */ = {isa = PBXBuildFile; fileRef = 494F70801893834200E82F03 /* AVFoundation.framework */; };
		494F70851893834D00E82F03 /* AudioToolbox.framework in Frameworks */ = {isa = PBXBuildFile; fileRef = 494F70841893834D00E82F03 /* AudioToolbox.framework */; };
/* End PBXBuildFile section */

/* Begin PBXFileReference section */
		493176FE18EBECA700E83DD3 /* LobiRec.framework */ = {isa = PBXFileReference; lastKnownFileType = wrapper.framework; name = LobiRec.framework; path = ../LobiSDK/LobiRec.framework; sourceTree = "<group>"; };
		493176FF18EBECA700E83DD3 /* LobiChat.framework */ = {isa = PBXFileReference; lastKnownFileType = wrapper.framework; name = LobiChat.framework; path = ../LobiSDK/LobiChat.framework; sourceTree = "<group>"; };
		4931770018EBECA700E83DD3 /* LobiRanking.framework */ = {isa = PBXFileReference; lastKnownFileType = wrapper.framework; name = LobiRanking.framework; path = ../LobiSDK/LobiRanking.framework; sourceTree = "<group>"; };
		4931770118EBECA700E83DD3 /* LobiCore.framework */ = {isa = PBXFileReference; lastKnownFileType = wrapper.framework; name = LobiCore.framework; path = ../LobiSDK/LobiCore.framework; sourceTree = "<group>"; };
		4931770618EBECBB00E83DD3 /* LobiRanking.bundle */ = {isa = PBXFileReference; lastKnownFileType = "wrapper.plug-in"; name = LobiRanking.bundle; path = ../LobiSDK/LobiRanking.bundle; sourceTree = "<group>"; };
		4931770718EBECBB00E83DD3 /* LobiRec.bundle */ = {isa = PBXFileReference; lastKnownFileType = "wrapper.plug-in"; name = LobiRec.bundle; path = ../LobiSDK/LobiRec.bundle; sourceTree = "<group>"; };
		4931770818EBECBB00E83DD3 /* LobiChat.bundle */ = {isa = PBXFileReference; lastKnownFileType = "wrapper.plug-in"; name = LobiChat.bundle; path = ../LobiSDK/LobiChat.bundle; sourceTree = "<group>"; };
		4931770918EBECBB00E83DD3 /* LobiCore.bundle */ = {isa = PBXFileReference; lastKnownFileType = "wrapper.plug-in"; name = LobiCore.bundle; path = ../LobiSDK/LobiCore.bundle; sourceTree = "<group>"; };
		494F70031893821E00E82F03 /* GLKitTest.app */ = {isa = PBXFileReference; explicitFileType = wrapper.application; includeInIndex = 0; path = GLKitTest.app; sourceTree = BUILT_PRODUCTS_DIR; };
		494F70061893821E00E82F03 /* Foundation.framework */ = {isa = PBXFileReference; lastKnownFileType = wrapper.framework; name = Foundation.framework; path = System/Library/Frameworks/Foundation.framework; sourceTree = SDKROOT; };
		494F70081893821E00E82F03 /* CoreGraphics.framework */ = {isa = PBXFileReference; lastKnownFileType = wrapper.framework; name = CoreGraphics.framework; path = System/Library/Frameworks/CoreGraphics.framework; sourceTree = SDKROOT; };
		494F700A1893821E00E82F03 /* UIKit.framework */ = {isa = PBXFileReference; lastKnownFileType = wrapper.framework; name = UIKit.framework; path = System/Library/Frameworks/UIKit.framework; sourceTree = SDKROOT; };
		494F700C1893821E00E82F03 /* GLKit.framework */ = {isa = PBXFileReference; lastKnownFileType = wrapper.framework; name = GLKit.framework; path = System/Library/Frameworks/GLKit.framework; sourceTree = SDKROOT; };
		494F700E1893821E00E82F03 /* OpenGLES.framework */ = {isa = PBXFileReference; lastKnownFileType = wrapper.framework; name = OpenGLES.framework; path = System/Library/Frameworks/OpenGLES.framework; sourceTree = SDKROOT; };
		494F70121893821E00E82F03 /* GLKitTest-Info.plist */ = {isa = PBXFileReference; lastKnownFileType = text.plist.xml; path = "GLKitTest-Info.plist"; sourceTree = "<group>"; };
		494F70141893821E00E82F03 /* en */ = {isa = PBXFileReference; lastKnownFileType = text.plist.strings; name = en; path = en.lproj/InfoPlist.strings; sourceTree = "<group>"; };
		494F70161893821E00E82F03 /* main.m */ = {isa = PBXFileReference; lastKnownFileType = sourcecode.c.objc; path = main.m; sourceTree = "<group>"; };
		494F70181893821E00E82F03 /* GLKitTest-Prefix.pch */ = {isa = PBXFileReference; lastKnownFileType = sourcecode.c.h; path = "GLKitTest-Prefix.pch"; sourceTree = "<group>"; };
		494F70191893821E00E82F03 /* RRAppDelegate.h */ = {isa = PBXFileReference; lastKnownFileType = sourcecode.c.h; path = RRAppDelegate.h; sourceTree = "<group>"; };
		494F701A1893821E00E82F03 /* RRAppDelegate.m */ = {isa = PBXFileReference; lastKnownFileType = sourcecode.c.objc; path = RRAppDelegate.m; sourceTree = "<group>"; };
		494F701D1893821E00E82F03 /* Base */ = {isa = PBXFileReference; lastKnownFileType = file.storyboard; name = Base; path = Base.lproj/Main.storyboard; sourceTree = "<group>"; };
		494F70231893821E00E82F03 /* RRViewController.h */ = {isa = PBXFileReference; lastKnownFileType = sourcecode.c.h; path = RRViewController.h; sourceTree = "<group>"; };
		494F70241893821E00E82F03 /* RRViewController.m */ = {isa = PBXFileReference; lastKnownFileType = sourcecode.c.objc; path = RRViewController.m; sourceTree = "<group>"; };
		494F70261893821E00E82F03 /* Images.xcassets */ = {isa = PBXFileReference; lastKnownFileType = folder.assetcatalog; path = Images.xcassets; sourceTree = "<group>"; };
		494F702D1893821F00E82F03 /* XCTest.framework */ = {isa = PBXFileReference; lastKnownFileType = wrapper.framework; name = XCTest.framework; path = Library/Frameworks/XCTest.framework; sourceTree = DEVELOPER_DIR; };
		494F70761893832700E82F03 /* libsqlite3.0.dylib */ = {isa = PBXFileReference; lastKnownFileType = "compiled.mach-o.dylib"; name = libsqlite3.0.dylib; path = usr/lib/libsqlite3.0.dylib; sourceTree = SDKROOT; };
		494F70781893833100E82F03 /* QuartzCore.framework */ = {isa = PBXFileReference; lastKnownFileType = wrapper.framework; name = QuartzCore.framework; path = System/Library/Frameworks/QuartzCore.framework; sourceTree = SDKROOT; };
		494F70801893834200E82F03 /* AVFoundation.framework */ = {isa = PBXFileReference; lastKnownFileType = wrapper.framework; name = AVFoundation.framework; path = System/Library/Frameworks/AVFoundation.framework; sourceTree = SDKROOT; };
		494F70841893834D00E82F03 /* AudioToolbox.framework */ = {isa = PBXFileReference; lastKnownFileType = wrapper.framework; name = AudioToolbox.framework; path = System/Library/Frameworks/AudioToolbox.framework; sourceTree = SDKROOT; };
/* End PBXFileReference section */

/* Begin PBXFrameworksBuildPhase section */
		494F70001893821E00E82F03 /* Frameworks */ = {
			isa = PBXFrameworksBuildPhase;
			buildActionMask = 2147483647;
			files = (
				4931770218EBECA700E83DD3 /* LobiRec.framework in Frameworks */,
				4931770318EBECA700E83DD3 /* LobiChat.framework in Frameworks */,
				4931770418EBECA700E83DD3 /* LobiRanking.framework in Frameworks */,
				4931770518EBECA700E83DD3 /* LobiCore.framework in Frameworks */,
				494F70851893834D00E82F03 /* AudioToolbox.framework in Frameworks */,
				494F70811893834200E82F03 /* AVFoundation.framework in Frameworks */,
				494F70791893833100E82F03 /* QuartzCore.framework in Frameworks */,
				494F70771893832700E82F03 /* libsqlite3.0.dylib in Frameworks */,
				494F700F1893821E00E82F03 /* OpenGLES.framework in Frameworks */,
				494F70091893821E00E82F03 /* CoreGraphics.framework in Frameworks */,
				494F700B1893821E00E82F03 /* UIKit.framework in Frameworks */,
				494F700D1893821E00E82F03 /* GLKit.framework in Frameworks */,
				494F70071893821E00E82F03 /* Foundation.framework in Frameworks */,
			);
			runOnlyForDeploymentPostprocessing = 0;
		};
/* End PBXFrameworksBuildPhase section */

/* Begin PBXGroup section */
		494F6FFA1893821E00E82F03 = {
			isa = PBXGroup;
			children = (
				4931770618EBECBB00E83DD3 /* LobiRanking.bundle */,
				4931770718EBECBB00E83DD3 /* LobiRec.bundle */,
				4931770818EBECBB00E83DD3 /* LobiChat.bundle */,
				4931770918EBECBB00E83DD3 /* LobiCore.bundle */,
				494F70101893821E00E82F03 /* GLKitTest */,
				494F70051893821E00E82F03 /* Frameworks */,
				494F70041893821E00E82F03 /* Products */,
			);
			sourceTree = "<group>";
		};
		494F70041893821E00E82F03 /* Products */ = {
			isa = PBXGroup;
			children = (
				494F70031893821E00E82F03 /* GLKitTest.app */,
			);
			name = Products;
			sourceTree = "<group>";
		};
		494F70051893821E00E82F03 /* Frameworks */ = {
			isa = PBXGroup;
			children = (
				494F70761893832700E82F03 /* libsqlite3.0.dylib */,
				493176FE18EBECA700E83DD3 /* LobiRec.framework */,
				493176FF18EBECA700E83DD3 /* LobiChat.framework */,
				4931770018EBECA700E83DD3 /* LobiRanking.framework */,
				4931770118EBECA700E83DD3 /* LobiCore.framework */,
				494F70841893834D00E82F03 /* AudioToolbox.framework */,
				494F70801893834200E82F03 /* AVFoundation.framework */,
				494F70781893833100E82F03 /* QuartzCore.framework */,
				494F70061893821E00E82F03 /* Foundation.framework */,
				494F70081893821E00E82F03 /* CoreGraphics.framework */,
				494F700A1893821E00E82F03 /* UIKit.framework */,
				494F700C1893821E00E82F03 /* GLKit.framework */,
				494F700E1893821E00E82F03 /* OpenGLES.framework */,
				494F702D1893821F00E82F03 /* XCTest.framework */,
			);
			name = Frameworks;
			sourceTree = "<group>";
		};
		494F70101893821E00E82F03 /* GLKitTest */ = {
			isa = PBXGroup;
			children = (
				494F70191893821E00E82F03 /* RRAppDelegate.h */,
				494F701A1893821E00E82F03 /* RRAppDelegate.m */,
				494F701C1893821E00E82F03 /* Main.storyboard */,
				494F70231893821E00E82F03 /* RRViewController.h */,
				494F70241893821E00E82F03 /* RRViewController.m */,
				494F70261893821E00E82F03 /* Images.xcassets */,
				494F70111893821E00E82F03 /* Supporting Files */,
			);
			path = GLKitTest;
			sourceTree = "<group>";
		};
		494F70111893821E00E82F03 /* Supporting Files */ = {
			isa = PBXGroup;
			children = (
				494F70121893821E00E82F03 /* GLKitTest-Info.plist */,
				494F70131893821E00E82F03 /* InfoPlist.strings */,
				494F70161893821E00E82F03 /* main.m */,
				494F70181893821E00E82F03 /* GLKitTest-Prefix.pch */,
			);
			name = "Supporting Files";
			sourceTree = "<group>";
		};
/* End PBXGroup section */

/* Begin PBXNativeTarget section */
		494F70021893821E00E82F03 /* GLKitTest */ = {
			isa = PBXNativeTarget;
			buildConfigurationList = 494F703D1893821F00E82F03 /* Build configuration list for PBXNativeTarget "GLKitTest" */;
			buildPhases = (
				494F6FFF1893821E00E82F03 /* Sources */,
				494F70001893821E00E82F03 /* Frameworks */,
				494F70011893821E00E82F03 /* Resources */,
			);
			buildRules = (
			);
			dependencies = (
			);
			name = GLKitTest;
			productName = GLKitTest;
			productReference = 494F70031893821E00E82F03 /* GLKitTest.app */;
			productType = "com.apple.product-type.application";
		};
/* End PBXNativeTarget section */

/* Begin PBXProject section */
		494F6FFB1893821E00E82F03 /* Project object */ = {
			isa = PBXProject;
			attributes = {
				CLASSPREFIX = RR;
				LastUpgradeCheck = 0500;
				ORGANIZATIONNAME = "RaftRiders Inc.";
				TargetAttributes = {
					494F70021893821E00E82F03 = {
						SystemCapabilities = {
							com.apple.InAppPurchase = {
								enabled = 0;
							};
						};
					};
				};
			};
			buildConfigurationList = 494F6FFE1893821E00E82F03 /* Build configuration list for PBXProject "GLKitTest" */;
			compatibilityVersion = "Xcode 3.2";
			developmentRegion = English;
			hasScannedForEncodings = 0;
			knownRegions = (
				en,
				Base,
			);
			mainGroup = 494F6FFA1893821E00E82F03;
			productRefGroup = 494F70041893821E00E82F03 /* Products */;
			projectDirPath = "";
			projectRoot = "";
			targets = (
				494F70021893821E00E82F03 /* GLKitTest */,
			);
		};
/* End PBXProject section */

/* Begin PBXResourcesBuildPhase section */
		494F70011893821E00E82F03 /* Resources */ = {
			isa = PBXResourcesBuildPhase;
			buildActionMask = 2147483647;
			files = (
				4931770A18EBECBB00E83DD3 /* LobiRanking.bundle in Resources */,
				4931770B18EBECBB00E83DD3 /* LobiRec.bundle in Resources */,
				4931770C18EBECBB00E83DD3 /* LobiChat.bundle in Resources */,
				4931770D18EBECBB00E83DD3 /* LobiCore.bundle in Resources */,
				494F70271893821E00E82F03 /* Images.xcassets in Resources */,
				494F70151893821E00E82F03 /* InfoPlist.strings in Resources */,
				494F701E1893821E00E82F03 /* Main.storyboard in Resources */,
			);
			runOnlyForDeploymentPostprocessing = 0;
		};
/* End PBXResourcesBuildPhase section */

/* Begin PBXSourcesBuildPhase section */
		494F6FFF1893821E00E82F03 /* Sources */ = {
			isa = PBXSourcesBuildPhase;
			buildActionMask = 2147483647;
			files = (
				494F701B1893821E00E82F03 /* RRAppDelegate.m in Sources */,
				494F70171893821E00E82F03 /* main.m in Sources */,
				494F70251893821E00E82F03 /* RRViewController.m in Sources */,
			);
			runOnlyForDeploymentPostprocessing = 0;
		};
/* End PBXSourcesBuildPhase section */

/* Begin PBXVariantGroup section */
		494F70131893821E00E82F03 /* InfoPlist.strings */ = {
			isa = PBXVariantGroup;
			children = (
				494F70141893821E00E82F03 /* en */,
			);
			name = InfoPlist.strings;
			sourceTree = "<group>";
		};
		494F701C1893821E00E82F03 /* Main.storyboard */ = {
			isa = PBXVariantGroup;
			children = (
				494F701D1893821E00E82F03 /* Base */,
			);
			name = Main.storyboard;
			sourceTree = "<group>";
		};
/* End PBXVariantGroup section */

/* Begin XCBuildConfiguration section */
		494F703B1893821F00E82F03 /* Debug */ = {
			isa = XCBuildConfiguration;
			buildSettings = {
				ALWAYS_SEARCH_USER_PATHS = NO;
				ARCHS = "$(ARCHS_STANDARD_INCLUDING_64_BIT)";
				CLANG_CXX_LANGUAGE_STANDARD = "gnu++0x";
				CLANG_CXX_LIBRARY = "libc++";
				CLANG_ENABLE_MODULES = YES;
				CLANG_ENABLE_OBJC_ARC = YES;
				CLANG_WARN_BOOL_CONVERSION = YES;
				CLANG_WARN_CONSTANT_CONVERSION = YES;
				CLANG_WARN_DIRECT_OBJC_ISA_USAGE = YES_ERROR;
				CLANG_WARN_EMPTY_BODY = YES;
				CLANG_WARN_ENUM_CONVERSION = YES;
				CLANG_WARN_INT_CONVERSION = YES;
				CLANG_WARN_OBJC_ROOT_CLASS = YES_ERROR;
				CLANG_WARN__DUPLICATE_METHOD_MATCH = YES;
				"CODE_SIGN_IDENTITY[sdk=iphoneos*]" = "iPhone Developer";
				COPY_PHASE_STRIP = NO;
				GCC_C_LANGUAGE_STANDARD = gnu99;
				GCC_DYNAMIC_NO_PIC = NO;
				GCC_OPTIMIZATION_LEVEL = 0;
				GCC_PREPROCESSOR_DEFINITIONS = (
					"DEBUG=1",
					"$(inherited)",
				);
				GCC_SYMBOLS_PRIVATE_EXTERN = NO;
				GCC_WARN_64_TO_32_BIT_CONVERSION = YES;
				GCC_WARN_ABOUT_RETURN_TYPE = YES_ERROR;
				GCC_WARN_UNDECLARED_SELECTOR = YES;
				GCC_WARN_UNINITIALIZED_AUTOS = YES;
				GCC_WARN_UNUSED_FUNCTION = YES;
				GCC_WARN_UNUSED_VARIABLE = YES;
				IPHONEOS_DEPLOYMENT_TARGET = 7.0;
				ONLY_ACTIVE_ARCH = YES;
				SDKROOT = iphoneos;
			};
			name = Debug;
		};
		494F703C1893821F00E82F03 /* Release */ = {
			isa = XCBuildConfiguration;
			buildSettings = {
				ALWAYS_SEARCH_USER_PATHS = NO;
				ARCHS = "$(ARCHS_STANDARD_INCLUDING_64_BIT)";
				CLANG_CXX_LANGUAGE_STANDARD = "gnu++0x";
				CLANG_CXX_LIBRARY = "libc++";
				CLANG_ENABLE_MODULES = YES;
				CLANG_ENABLE_OBJC_ARC = YES;
				CLANG_WARN_BOOL_CONVERSION = YES;
				CLANG_WARN_CONSTANT_CONVERSION = YES;
				CLANG_WARN_DIRECT_OBJC_ISA_USAGE = YES_ERROR;
				CLANG_WARN_EMPTY_BODY = YES;
				CLANG_WARN_ENUM_CONVERSION = YES;
				CLANG_WARN_INT_CONVERSION = YES;
				CLANG_WARN_OBJC_ROOT_CLASS = YES_ERROR;
				CLANG_WARN__DUPLICATE_METHOD_MATCH = YES;
				"CODE_SIGN_IDENTITY[sdk=iphoneos*]" = "iPhone Developer";
				COPY_PHASE_STRIP = YES;
				ENABLE_NS_ASSERTIONS = NO;
				GCC_C_LANGUAGE_STANDARD = gnu99;
				GCC_WARN_64_TO_32_BIT_CONVERSION = YES;
				GCC_WARN_ABOUT_RETURN_TYPE = YES_ERROR;
				GCC_WARN_UNDECLARED_SELECTOR = YES;
				GCC_WARN_UNINITIALIZED_AUTOS = YES;
				GCC_WARN_UNUSED_FUNCTION = YES;
				GCC_WARN_UNUSED_VARIABLE = YES;
				IPHONEOS_DEPLOYMENT_TARGET = 7.0;
				SDKROOT = iphoneos;
				VALIDATE_PRODUCT = YES;
			};
			name = Release;
		};
		494F703E1893821F00E82F03 /* Debug */ = {
			isa = XCBuildConfiguration;
			buildSettings = {
				ASSETCATALOG_COMPILER_APPICON_NAME = AppIcon;
				ASSETCATALOG_COMPILER_LAUNCHIMAGE_NAME = LaunchImage;
				CODE_SIGN_IDENTITY = "iPhone Developer";
				"CODE_SIGN_IDENTITY[sdk=iphoneos*]" = "iPhone Developer";
				FRAMEWORK_SEARCH_PATHS = (
					"$(inherited)",
					"$(SRCROOT)/../LobiSDK",
				);
				GCC_PRECOMPILE_PREFIX_HEADER = YES;
				GCC_PREFIX_HEADER = "GLKitTest/GLKitTest-Prefix.pch";
				INFOPLIST_FILE = "GLKitTest/GLKitTest-Info.plist";
				LIBRARY_SEARCH_PATHS = "$(inherited)";
				OTHER_LDFLAGS = "-ObjC";
				PRODUCT_NAME = "$(TARGET_NAME)";
				PROVISIONING_PROFILE = "";
				WRAPPER_EXTENSION = app;
			};
			name = Debug;
		};
		494F703F1893821F00E82F03 /* Release */ = {
			isa = XCBuildConfiguration;
			buildSettings = {
				ASSETCATALOG_COMPILER_APPICON_NAME = AppIcon;
				ASSETCATALOG_COMPILER_LAUNCHIMAGE_NAME = LaunchImage;
				CODE_SIGN_IDENTITY = "iPhone Developer";
				"CODE_SIGN_IDENTITY[sdk=iphoneos*]" = "iPhone Developer";
				FRAMEWORK_SEARCH_PATHS = (
					"$(inherited)",
					"$(SRCROOT)/../LobiSDK",
				);
				GCC_PRECOMPILE_PREFIX_HEADER = YES;
				GCC_PREFIX_HEADER = "GLKitTest/GLKitTest-Prefix.pch";
				INFOPLIST_FILE = "GLKitTest/GLKitTest-Info.plist";
				LIBRARY_SEARCH_PATHS = "$(inherited)";
				OTHER_LDFLAGS = "-ObjC";
				PRODUCT_NAME = "$(TARGET_NAME)";
				PROVISIONING_PROFILE = "";
				WRAPPER_EXTENSION = app;
			};
			name = Release;
		};
/* End XCBuildConfiguration section */

/* Begin XCConfigurationList section */
		494F6FFE1893821E00E82F03 /* Build configuration list for PBXProject "GLKitTest" */ = {
			isa = XCConfigurationList;
			buildConfigurations = (
				494F703B1893821F00E82F03 /* Debug */,
				494F703C1893821F00E82F03 /* Release */,
			);
			defaultConfigurationIsVisible = 0;
			defaultConfigurationName = Release;
		};
		494F703D1893821F00E82F03 /* Build configuration list for PBXNativeTarget "GLKitTest" */ = {
			isa = XCConfigurationList;
			buildConfigurations = (
				494F703E1893821F00E82F03 /* Debug */,
				494F703F1893821F00E82F03 /* Release */,
			);
			defaultConfigurationIsVisible = 0;
			defaultConfigurationName = Release;
		};
/* End XCConfigurationList section */
	};
	rootObject = 494F6FFB1893821E00E82F03 /* Project object */;
}
